
Microsoft Visual Studio Solution File, Format Version 12.00
Project("{FAE04EC0-301F-11D3-BF4B-00C04F79EFBC}") = "ApiTemplate.Api", "ApiTemplate.Api\ApiTemplate.Api.csproj", "{A5F352EA-5A87-4C29-99C2-3DDFBC2A6555}"
EndProject
Project("{FAE04EC0-301F-11D3-BF4B-00C04F79EFBC}") = "ApiTemplate.Contracts", "ApiTemplate.Contracts\ApiTemplate.Contracts.csproj", "{DE8394EE-0AF0-4E81-A1FA-AC80BDA3FCC5}"
EndProject
Project("{FAE04EC0-301F-11D3-BF4B-00C04F79EFBC}") = "ApiTemplate.Application", "ApiTemplate.Application\ApiTemplate.Application.csproj", "{41798678-835A-4BFF-8566-BBB581262D71}"
EndProject
Project("{FAE04EC0-301F-11D3-BF4B-00C04F79EFBC}") = "ApiTemplate.Infrastructure", "ApiTemplate.Infrastructure\ApiTemplate.Infrastructure.csproj", "{93878A09-1D2B-41CE-80AD-2D130F6C0369}"
EndProject
Project("{FAE04EC0-301F-11D3-BF4B-00C04F79EFBC}") = "ApiTemplate.Domain", "ApiTemplate.Domain\ApiTemplate.Domain.csproj", "{A29D633D-D792-432C-9297-DE3655989E84}"
EndProject
Project("{2150E333-8FDC-42A3-9474-1A3956D46DE8}") = "src", "src", "{9ABDE92D-D8B2-454C-AD75-D28045BC0EE8}"
EndProject
Project("{2150E333-8FDC-42A3-9474-1A3956D46DE8}") = "test", "test", "{271EFD79-D919-4980-A42A-0C631DDB34FE}"
EndProject
Project("{FAE04EC0-301F-11D3-BF4B-00C04F79EFBC}") = "ApiTemplate.Application.UnitTests", "ApiTemplate.Application.UnitTests\ApiTemplate.Application.UnitTests.csproj", "{897D9DD8-0025-4CB5-A599-63CCB3E6C621}"
EndProject
Project("{FAE04EC0-301F-11D3-BF4B-00C04F79EFBC}") = "ApiTemplate.Api.UnitTests", "ApiTemplate.Api.UnitTests\ApiTemplate.Api.UnitTests.csproj", "{F6507552-263E-4E9B-87F7-0047D2DAACC0}"
EndProject
Global
	GlobalSection(SolutionConfigurationPlatforms) = preSolution
		Debug|Any CPU = Debug|Any CPU
		Release|Any CPU = Release|Any CPU
	EndGlobalSection
	GlobalSection(ProjectConfigurationPlatforms) = postSolution
		{A5F352EA-5A87-4C29-99C2-3DDFBC2A6555}.Debug|Any CPU.ActiveCfg = Debug|Any CPU
		{A5F352EA-5A87-4C29-99C2-3DDFBC2A6555}.Debug|Any CPU.Build.0 = Debug|Any CPU
		{A5F352EA-5A87-4C29-99C2-3DDFBC2A6555}.Release|Any CPU.ActiveCfg = Release|Any CPU
		{A5F352EA-5A87-4C29-99C2-3DDFBC2A6555}.Release|Any CPU.Build.0 = Release|Any CPU
		{DE8394EE-0AF0-4E81-A1FA-AC80BDA3FCC5}.Debug|Any CPU.ActiveCfg = Debug|Any CPU
		{DE8394EE-0AF0-4E81-A1FA-AC80BDA3FCC5}.Debug|Any CPU.Build.0 = Debug|Any CPU
		{DE8394EE-0AF0-4E81-A1FA-AC80BDA3FCC5}.Release|Any CPU.ActiveCfg = Release|Any CPU
		{DE8394EE-0AF0-4E81-A1FA-AC80BDA3FCC5}.Release|Any CPU.Build.0 = Release|Any CPU
		{41798678-835A-4BFF-8566-BBB581262D71}.Debug|Any CPU.ActiveCfg = Debug|Any CPU
		{41798678-835A-4BFF-8566-BBB581262D71}.Debug|Any CPU.Build.0 = Debug|Any CPU
		{41798678-835A-4BFF-8566-BBB581262D71}.Release|Any CPU.ActiveCfg = Release|Any CPU
		{41798678-835A-4BFF-8566-BBB581262D71}.Release|Any CPU.Build.0 = Release|Any CPU
		{93878A09-1D2B-41CE-80AD-2D130F6C0369}.Debug|Any CPU.ActiveCfg = Debug|Any CPU
		{93878A09-1D2B-41CE-80AD-2D130F6C0369}.Debug|Any CPU.Build.0 = Debug|Any CPU
		{93878A09-1D2B-41CE-80AD-2D130F6C0369}.Release|Any CPU.ActiveCfg = Release|Any CPU
		{93878A09-1D2B-41CE-80AD-2D130F6C0369}.Release|Any CPU.Build.0 = Release|Any CPU
		{A29D633D-D792-432C-9297-DE3655989E84}.Debug|Any CPU.ActiveCfg = Debug|Any CPU
		{A29D633D-D792-432C-9297-DE3655989E84}.Debug|Any CPU.Build.0 = Debug|Any CPU
		{A29D633D-D792-432C-9297-DE3655989E84}.Release|Any CPU.ActiveCfg = Release|Any CPU
		{A29D633D-D792-432C-9297-DE3655989E84}.Release|Any CPU.Build.0 = Release|Any CPU
		{897D9DD8-0025-4CB5-A599-63CCB3E6C621}.Debug|Any CPU.ActiveCfg = Debug|Any CPU
		{897D9DD8-0025-4CB5-A599-63CCB3E6C621}.Debug|Any CPU.Build.0 = Debug|Any CPU
		{897D9DD8-0025-4CB5-A599-63CCB3E6C621}.Release|Any CPU.ActiveCfg = Release|Any CPU
		{897D9DD8-0025-4CB5-A599-63CCB3E6C621}.Release|Any CPU.Build.0 = Release|Any CPU
		{F6507552-263E-4E9B-87F7-0047D2DAACC0}.Debug|Any CPU.ActiveCfg = Debug|Any CPU
		{F6507552-263E-4E9B-87F7-0047D2DAACC0}.Debug|Any CPU.Build.0 = Debug|Any CPU
		{F6507552-263E-4E9B-87F7-0047D2DAACC0}.Release|Any CPU.ActiveCfg = Release|Any CPU
		{F6507552-263E-4E9B-87F7-0047D2DAACC0}.Release|Any CPU.Build.0 = Release|Any CPU
	EndGlobalSection
	GlobalSection(NestedProjects) = preSolution
		{A5F352EA-5A87-4C29-99C2-3DDFBC2A6555} = {9ABDE92D-D8B2-454C-AD75-D28045BC0EE8}
		{41798678-835A-4BFF-8566-BBB581262D71} = {9ABDE92D-D8B2-454C-AD75-D28045BC0EE8}
		{DE8394EE-0AF0-4E81-A1FA-AC80BDA3FCC5} = {9ABDE92D-D8B2-454C-AD75-D28045BC0EE8}
		{A29D633D-D792-432C-9297-DE3655989E84} = {9ABDE92D-D8B2-454C-AD75-D28045BC0EE8}
		{93878A09-1D2B-41CE-80AD-2D130F6C0369} = {9ABDE92D-D8B2-454C-AD75-D28045BC0EE8}
		{897D9DD8-0025-4CB5-A599-63CCB3E6C621} = {271EFD79-D919-4980-A42A-0C631DDB34FE}
		{F6507552-263E-4E9B-87F7-0047D2DAACC0} = {271EFD79-D919-4980-A42A-0C631DDB34FE}
	EndGlobalSection
EndGlobal
